
Microsoft Visual Studio Solution File, Format Version 12.00
# Visual Studio 15
Project("{FAE04EC0-301F-11D3-BF4B-00C04F79EFBC}") = "test-project-api", "test-project-api\test-project-api.csproj", "{CEEF24EB-FC26-46AF-9495-6D363538FA8F}"
EndProject
Project("{FAE04EC0-301F-11D3-BF4B-00C04F79EFBC}") = "test-project-api.Entity", "test-project-api.Entity\test-project-api.Entity.csproj", "{6C30AC03-557B-4CB3-92E6-921387746A5A}"
EndProject
Global
	GlobalSection(SolutionConfigurationPlatforms) = preSolution
		Debug|Any CPU = Debug|Any CPU
		Release|Any CPU = Release|Any CPU
	EndGlobalSection
	GlobalSection(ProjectConfigurationPlatforms) = postSolution
		{CEEF24EB-FC26-46AF-9495-6D363538FA8F}.Debug|Any CPU.ActiveCfg = Debug|Any CPU
		{CEEF24EB-FC26-46AF-9495-6D363538FA8F}.Debug|Any CPU.Build.0 = Debug|Any CPU
		{CEEF24EB-FC26-46AF-9495-6D363538FA8F}.Release|Any CPU.ActiveCfg = Release|Any CPU
		{CEEF24EB-FC26-46AF-9495-6D363538FA8F}.Release|Any CPU.Build.0 = Release|Any CPU
		{6C30AC03-557B-4CB3-92E6-921387746A5A}.Debug|Any CPU.ActiveCfg = Debug|Any CPU
		{6C30AC03-557B-4CB3-92E6-921387746A5A}.Debug|Any CPU.Build.0 = Debug|Any CPU
		{6C30AC03-557B-4CB3-92E6-921387746A5A}.Release|Any CPU.ActiveCfg = Release|Any CPU
		{6C30AC03-557B-4CB3-92E6-921387746A5A}.Release|Any CPU.Build.0 = Release|Any CPU
	EndGlobalSection
EndGlobal
